<?xml version="1.0" encoding="utf-8"?>
<Project ToolsVersion="4.0" xmlns="http://schemas.microsoft.com/developer/msbuild/2003">
  <ItemGroup>
    <ClCompile Include="Render\Camera.cpp">
      <Filter>Render</Filter>
    </ClCompile>
    <ClCompile Include="Render\Render.cpp">
      <Filter>Render</Filter>
    </ClCompile>
    <ClCompile Include="RenderUtils.cpp" />
    <ClCompile Include="main.cpp" />
    <ClCompile Include="callbacks.cpp" />
    <ClCompile Include="Particles\Particle.cpp" />
    <ClCompile Include="ParticleSystems\ParticleGenerator.cpp" />
    <ClCompile Include="ParticleSystems\Fuente.cpp" />
    <ClCompile Include="ParticleSystems\Geometric.cpp" />
    <ClCompile Include="ParticleSystems\Fireworks.cpp" />
    <ClCompile Include="Scenes\Practica1.cpp" />
    <ClCompile Include="Scenes\Practica2.cpp" />
    <ClCompile Include="Forces\GravityForceGenerator.cpp" />
    <ClCompile Include="Scenes\Practica3.cpp" />
    <ClCompile Include="Forces\WindForceGenerator.cpp" />
    <ClCompile Include="Forces\WhirlwindForceGenerator.cpp" />
    <ClCompile Include="Forces\ExplosionForceGenerator.cpp" />
    <ClCompile Include="Forces\DragGenerator.cpp" />
    <ClCompile Include="Forces\QuayFoceGenerator.cpp" />
    <ClCompile Include="Scenes\Practica4.cpp" />
    <ClCompile Include="Forces\AnchoredSpringForceGenerator.cpp" />
    <ClCompile Include="Forces\FlotationForceGenerator.cpp" />
    <ClCompile Include="Forces\ParticleBungeeForceGenerator.cpp" />
  </ItemGroup>
  <ItemGroup>
    <ClInclude Include="core.hpp" />
    <ClInclude Include="Render\Camera.h">
      <Filter>Render</Filter>
    </ClInclude>
    <ClInclude Include="Render\Render.h">
      <Filter>Render</Filter>
    </ClInclude>
    <ClInclude Include="RenderUtils.hpp" />
    <ClInclude Include="callbacks.hpp" />
    <ClInclude Include="Particles\Particle.h" />
    <ClInclude Include="ParticleSystems\ParticleGenerator.h" />
    <ClInclude Include="ParticleSystems\Fuente.h" />
    <ClInclude Include="ParticleSystems\Geometric.h" />
    <ClInclude Include="ParticleSystems\Fireworks.h" />
    <ClInclude Include="Scenes\Scene.h" />
    <ClInclude Include="Scenes\Practica1.h" />
    <ClInclude Include="Scenes\Practica2.h" />
    <ClInclude Include="Forces\ForceGenerator.h" />
    <ClInclude Include="Forces\ParticleForzeRegistry.h" />
    <ClInclude Include="Forces\GravityForceGenerator.h" />
    <ClInclude Include="Scenes\Practica3.h" />
    <ClInclude Include="Scenes\ScenesInclude.h" />
    <ClInclude Include="Forces\WindForceGenerator.h" />
    <ClInclude Include="Forces\WhirlwindForceGenerator.h" />
    <ClInclude Include="Forces\ExplosionForceGenerator.h" />
    <ClInclude Include="Forces\DragGenerator.h" />
    <ClInclude Include="Forces\QuayFoceGenerator.h" />
    <ClInclude Include="Scenes\Practica4.h" />
    <ClInclude Include="Forces\AnchoredSpringForceGenerator.h" />
    <ClInclude Include="Forces\FlotationForceGenerator.h" />
    <ClInclude Include="Forces\ParticleBungeeForceGenerator.h" />
  </ItemGroup>
  <ItemGroup>
    <Filter Include="Render">
      <UniqueIdentifier>{d04b4f9f-5a69-465e-8070-25c6d0bcd3c2}</UniqueIdentifier>
    </Filter>
  </ItemGroup>
</Project>